
Microsoft Visual Studio Solution File, Format Version 12.00
# Visual Studio 2013
VisualStudioVersion = 12.0.31101.0
MinimumVisualStudioVersion = 10.0.40219.1
Project("{FAE04EC0-301F-11D3-BF4B-00C04F79EFBC}") = "SpineJsonToSkelConverter", "SpineJsonToSkelConverter\SpineJsonToSkelConverter.csproj", "{15EC953B-F9A8-4834-B4C0-3FAE0E6AADDD}"
EndProject
Global
	GlobalSection(SolutionConfigurationPlatforms) = preSolution
		Debug|Any CPU = Debug|Any CPU
		Release|Any CPU = Release|Any CPU
	EndGlobalSection
	GlobalSection(ProjectConfigurationPlatforms) = postSolution
		{15EC953B-F9A8-4834-B4C0-3FAE0E6AADDD}.Debug|Any CPU.ActiveCfg = Debug|Any CPU
		{15EC953B-F9A8-4834-B4C0-3FAE0E6AADDD}.Debug|Any CPU.Build.0 = Debug|Any CPU
		{15EC953B-F9A8-4834-B4C0-3FAE0E6AADDD}.Release|Any CPU.ActiveCfg = Release|Any CPU
		{15EC953B-F9A8-4834-B4C0-3FAE0E6AADDD}.Release|Any CPU.Build.0 = Release|Any CPU
	EndGlobalSection
	GlobalSection(SolutionProperties) = preSolution
		HideSolutionNode = FALSE
	EndGlobalSection
EndGlobal
